// !$*UTF8*$!
{
	archiveVersion = 1;
	classes = {
	};
	objectVersion = 55;
	objects = {

/* Begin PBXBuildFile section */
		046102BC2758CC8100B4D0C8 /* AppDelegate.swift in Sources */ = {isa = PBXBuildFile; fileRef = 046102BB2758CC8100B4D0C8 /* AppDelegate.swift */; };
		046102BE2758CC8200B4D0C8 /* Assets.xcassets in Resources */ = {isa = PBXBuildFile; fileRef = 046102BD2758CC8200B4D0C8 /* Assets.xcassets */; };
		046102C12758CC8200B4D0C8 /* MainMenu.xib in Resources */ = {isa = PBXBuildFile; fileRef = 046102BF2758CC8200B4D0C8 /* MainMenu.xib */; };
		046102CE2758CDC600B4D0C8 /* MainScreenController.swift in Sources */ = {isa = PBXBuildFile; fileRef = 046102CC2758CDC600B4D0C8 /* MainScreenController.swift */; };
		046102CF2758CDC600B4D0C8 /* MainScreenController.xib in Resources */ = {isa = PBXBuildFile; fileRef = 046102CD2758CDC600B4D0C8 /* MainScreenController.xib */; };
		046102D22758D29600B4D0C8 /* AppPersistentVariables.swift in Sources */ = {isa = PBXBuildFile; fileRef = 046102D12758D29600B4D0C8 /* AppPersistentVariables.swift */; };
		046102D62758D47B00B4D0C8 /* RootRouter.swift in Sources */ = {isa = PBXBuildFile; fileRef = 046102D52758D47B00B4D0C8 /* RootRouter.swift */; };
		046102D92758D49E00B4D0C8 /* Router.swift in Sources */ = {isa = PBXBuildFile; fileRef = 046102D82758D49E00B4D0C8 /* Router.swift */; };
		046102DC2758D58D00B4D0C8 /* NavigationController.swift in Sources */ = {isa = PBXBuildFile; fileRef = 046102DB2758D58D00B4D0C8 /* NavigationController.swift */; };
		046102DF2758D9B100B4D0C8 /* NibLoadable.swift in Sources */ = {isa = PBXBuildFile; fileRef = 046102DE2758D9B100B4D0C8 /* NibLoadable.swift */; };
/* End PBXBuildFile section */

/* Begin PBXFileReference section */
		046102B82758CC8100B4D0C8 /* adultTok-macos.app */ = {isa = PBXFileReference; explicitFileType = wrapper.application; includeInIndex = 0; path = "adultTok-macos.app"; sourceTree = BUILT_PRODUCTS_DIR; };
		046102BB2758CC8100B4D0C8 /* AppDelegate.swift */ = {isa = PBXFileReference; lastKnownFileType = sourcecode.swift; path = AppDelegate.swift; sourceTree = "<group>"; };
		046102BD2758CC8200B4D0C8 /* Assets.xcassets */ = {isa = PBXFileReference; lastKnownFileType = folder.assetcatalog; path = Assets.xcassets; sourceTree = "<group>"; };
		046102C02758CC8200B4D0C8 /* Base */ = {isa = PBXFileReference; lastKnownFileType = file.xib; name = Base; path = Base.lproj/MainMenu.xib; sourceTree = "<group>"; };
		046102C22758CC8200B4D0C8 /* adultTok_macos.entitlements */ = {isa = PBXFileReference; lastKnownFileType = text.plist.entitlements; path = adultTok_macos.entitlements; sourceTree = "<group>"; };
		046102CC2758CDC600B4D0C8 /* MainScreenController.swift */ = {isa = PBXFileReference; lastKnownFileType = sourcecode.swift; path = MainScreenController.swift; sourceTree = "<group>"; };
		046102CD2758CDC600B4D0C8 /* MainScreenController.xib */ = {isa = PBXFileReference; lastKnownFileType = file.xib; path = MainScreenController.xib; sourceTree = "<group>"; };
		046102D12758D29600B4D0C8 /* AppPersistentVariables.swift */ = {isa = PBXFileReference; lastKnownFileType = sourcecode.swift; path = AppPersistentVariables.swift; sourceTree = "<group>"; };
		046102D52758D47B00B4D0C8 /* RootRouter.swift */ = {isa = PBXFileReference; lastKnownFileType = sourcecode.swift; path = RootRouter.swift; sourceTree = "<group>"; };
		046102D82758D49E00B4D0C8 /* Router.swift */ = {isa = PBXFileReference; lastKnownFileType = sourcecode.swift; path = Router.swift; sourceTree = "<group>"; };
		046102DB2758D58D00B4D0C8 /* NavigationController.swift */ = {isa = PBXFileReference; lastKnownFileType = sourcecode.swift; path = NavigationController.swift; sourceTree = "<group>"; };
		046102DE2758D9B100B4D0C8 /* NibLoadable.swift */ = {isa = PBXFileReference; lastKnownFileType = sourcecode.swift; path = NibLoadable.swift; sourceTree = "<group>"; };
		046102E02758FB9C00B4D0C8 /* Info.plist */ = {isa = PBXFileReference; lastKnownFileType = text.plist; path = Info.plist; sourceTree = "<group>"; };
/* End PBXFileReference section */

/* Begin PBXFrameworksBuildPhase section */
		046102B52758CC8100B4D0C8 /* Frameworks */ = {
			isa = PBXFrameworksBuildPhase;
			buildActionMask = 2147483647;
			files = (
			);
			runOnlyForDeploymentPostprocessing = 0;
		};
/* End PBXFrameworksBuildPhase section */

/* Begin PBXGroup section */
		046102AF2758CC8100B4D0C8 = {
			isa = PBXGroup;
			children = (
				046102BA2758CC8100B4D0C8 /* adultTok-macos */,
				046102B92758CC8100B4D0C8 /* Products */,
			);
			sourceTree = "<group>";
		};
		046102B92758CC8100B4D0C8 /* Products */ = {
			isa = PBXGroup;
			children = (
				046102B82758CC8100B4D0C8 /* adultTok-macos.app */,
			);
			name = Products;
			sourceTree = "<group>";
		};
		046102BA2758CC8100B4D0C8 /* adultTok-macos */ = {
			isa = PBXGroup;
			children = (
				046102E02758FB9C00B4D0C8 /* Info.plist */,
				046102C22758CC8200B4D0C8 /* adultTok_macos.entitlements */,
				046102D02758D28000B4D0C8 /* Utils */,
				046102C82758CD1A00B4D0C8 /* BaseObjects */,
				046102C92758CD3300B4D0C8 /* MainScreenModule */,
				046102CA2758CD3C00B4D0C8 /* SupportingFiles */,
				046102CB2758CD4800B4D0C8 /* Resources */,
				046102DD2758D9AA00B4D0C8 /* Extensions */,
			);
			path = "adultTok-macos";
			sourceTree = "<group>";
		};
		046102C82758CD1A00B4D0C8 /* BaseObjects */ = {
			isa = PBXGroup;
			children = (
				046102DA2758D58300B4D0C8 /* BaseClasses */,
				046102D72758D49500B4D0C8 /* BaseProtocols */,
				046102D52758D47B00B4D0C8 /* RootRouter.swift */,
			);
			path = BaseObjects;
			sourceTree = "<group>";
		};
		046102C92758CD3300B4D0C8 /* MainScreenModule */ = {
			isa = PBXGroup;
			children = (
				046102CC2758CDC600B4D0C8 /* MainScreenController.swift */,
				046102CD2758CDC600B4D0C8 /* MainScreenController.xib */,
			);
			path = MainScreenModule;
			sourceTree = "<group>";
		};
		046102CA2758CD3C00B4D0C8 /* SupportingFiles */ = {
			isa = PBXGroup;
			children = (
				046102BF2758CC8200B4D0C8 /* MainMenu.xib */,
				046102BB2758CC8100B4D0C8 /* AppDelegate.swift */,
			);
			path = SupportingFiles;
			sourceTree = "<group>";
		};
		046102CB2758CD4800B4D0C8 /* Resources */ = {
			isa = PBXGroup;
			children = (
				046102BD2758CC8200B4D0C8 /* Assets.xcassets */,
			);
			path = Resources;
			sourceTree = "<group>";
		};
		046102D02758D28000B4D0C8 /* Utils */ = {
			isa = PBXGroup;
			children = (
				046102D12758D29600B4D0C8 /* AppPersistentVariables.swift */,
			);
			path = Utils;
			sourceTree = "<group>";
		};
		046102D72758D49500B4D0C8 /* BaseProtocols */ = {
			isa = PBXGroup;
			children = (
				046102D82758D49E00B4D0C8 /* Router.swift */,
			);
			path = BaseProtocols;
			sourceTree = "<group>";
		};
		046102DA2758D58300B4D0C8 /* BaseClasses */ = {
			isa = PBXGroup;
			children = (
				046102DB2758D58D00B4D0C8 /* NavigationController.swift */,
			);
			path = BaseClasses;
			sourceTree = "<group>";
		};
		046102DD2758D9AA00B4D0C8 /* Extensions */ = {
			isa = PBXGroup;
			children = (
				046102DE2758D9B100B4D0C8 /* NibLoadable.swift */,
			);
			path = Extensions;
			sourceTree = "<group>";
		};
/* End PBXGroup section */

/* Begin PBXNativeTarget section */
		046102B72758CC8100B4D0C8 /* adultTok-macos */ = {
			isa = PBXNativeTarget;
			buildConfigurationList = 046102C52758CC8200B4D0C8 /* Build configuration list for PBXNativeTarget "adultTok-macos" */;
			buildPhases = (
				046102B42758CC8100B4D0C8 /* Sources */,
				046102B52758CC8100B4D0C8 /* Frameworks */,
				046102B62758CC8100B4D0C8 /* Resources */,
			);
			buildRules = (
			);
			dependencies = (
			);
			name = "adultTok-macos";
			productName = "adultTok-macos";
			productReference = 046102B82758CC8100B4D0C8 /* adultTok-macos.app */;
			productType = "com.apple.product-type.application";
		};
/* End PBXNativeTarget section */

/* Begin PBXProject section */
		046102B02758CC8100B4D0C8 /* Project object */ = {
			isa = PBXProject;
			attributes = {
				BuildIndependentTargetsInParallel = 1;
				LastSwiftUpdateCheck = 1300;
				LastUpgradeCheck = 1300;
				TargetAttributes = {
					046102B72758CC8100B4D0C8 = {
						CreatedOnToolsVersion = 13.0;
					};
				};
			};
			buildConfigurationList = 046102B32758CC8100B4D0C8 /* Build configuration list for PBXProject "adultTok-macos" */;
			compatibilityVersion = "Xcode 13.0";
			developmentRegion = en;
			hasScannedForEncodings = 0;
			knownRegions = (
				en,
				Base,
			);
			mainGroup = 046102AF2758CC8100B4D0C8;
			productRefGroup = 046102B92758CC8100B4D0C8 /* Products */;
			projectDirPath = "";
			projectRoot = "";
			targets = (
				046102B72758CC8100B4D0C8 /* adultTok-macos */,
			);
		};
/* End PBXProject section */

/* Begin PBXResourcesBuildPhase section */
		046102B62758CC8100B4D0C8 /* Resources */ = {
			isa = PBXResourcesBuildPhase;
			buildActionMask = 2147483647;
			files = (
				046102CF2758CDC600B4D0C8 /* MainScreenController.xib in Resources */,
				046102BE2758CC8200B4D0C8 /* Assets.xcassets in Resources */,
				046102C12758CC8200B4D0C8 /* MainMenu.xib in Resources */,
			);
			runOnlyForDeploymentPostprocessing = 0;
		};
/* End PBXResourcesBuildPhase section */

/* Begin PBXSourcesBuildPhase section */
		046102B42758CC8100B4D0C8 /* Sources */ = {
			isa = PBXSourcesBuildPhase;
			buildActionMask = 2147483647;
			files = (
				046102D62758D47B00B4D0C8 /* RootRouter.swift in Sources */,
				046102DC2758D58D00B4D0C8 /* NavigationController.swift in Sources */,
				046102DF2758D9B100B4D0C8 /* NibLoadable.swift in Sources */,
				046102CE2758CDC600B4D0C8 /* MainScreenController.swift in Sources */,
				046102D92758D49E00B4D0C8 /* Router.swift in Sources */,
				046102BC2758CC8100B4D0C8 /* AppDelegate.swift in Sources */,
				046102D22758D29600B4D0C8 /* AppPersistentVariables.swift in Sources */,
			);
			runOnlyForDeploymentPostprocessing = 0;
		};
/* End PBXSourcesBuildPhase section */

/* Begin PBXVariantGroup section */
		046102BF2758CC8200B4D0C8 /* MainMenu.xib */ = {
			isa = PBXVariantGroup;
			children = (
				046102C02758CC8200B4D0C8 /* Base */,
			);
			name = MainMenu.xib;
			sourceTree = "<group>";
		};
/* End PBXVariantGroup section */

/* Begin XCBuildConfiguration section */
		046102C32758CC8200B4D0C8 /* Debug */ = {
			isa = XCBuildConfiguration;
			buildSettings = {
				ALWAYS_SEARCH_USER_PATHS = NO;
				CLANG_ANALYZER_NONNULL = YES;
				CLANG_ANALYZER_NUMBER_OBJECT_CONVERSION = YES_AGGRESSIVE;
				CLANG_CXX_LANGUAGE_STANDARD = "gnu++17";
				CLANG_CXX_LIBRARY = "libc++";
				CLANG_ENABLE_MODULES = YES;
				CLANG_ENABLE_OBJC_ARC = YES;
				CLANG_ENABLE_OBJC_WEAK = YES;
				CLANG_WARN_BLOCK_CAPTURE_AUTORELEASING = YES;
				CLANG_WARN_BOOL_CONVERSION = YES;
				CLANG_WARN_COMMA = YES;
				CLANG_WARN_CONSTANT_CONVERSION = YES;
				CLANG_WARN_DEPRECATED_OBJC_IMPLEMENTATIONS = YES;
				CLANG_WARN_DIRECT_OBJC_ISA_USAGE = YES_ERROR;
				CLANG_WARN_DOCUMENTATION_COMMENTS = YES;
				CLANG_WARN_EMPTY_BODY = YES;
				CLANG_WARN_ENUM_CONVERSION = YES;
				CLANG_WARN_INFINITE_RECURSION = YES;
				CLANG_WARN_INT_CONVERSION = YES;
				CLANG_WARN_NON_LITERAL_NULL_CONVERSION = YES;
				CLANG_WARN_OBJC_IMPLICIT_RETAIN_SELF = YES;
				CLANG_WARN_OBJC_LITERAL_CONVERSION = YES;
				CLANG_WARN_OBJC_ROOT_CLASS = YES_ERROR;
				CLANG_WARN_QUOTED_INCLUDE_IN_FRAMEWORK_HEADER = YES;
				CLANG_WARN_RANGE_LOOP_ANALYSIS = YES;
				CLANG_WARN_STRICT_PROTOTYPES = YES;
				CLANG_WARN_SUSPICIOUS_MOVE = YES;
				CLANG_WARN_UNGUARDED_AVAILABILITY = YES_AGGRESSIVE;
				CLANG_WARN_UNREACHABLE_CODE = YES;
				CLANG_WARN__DUPLICATE_METHOD_MATCH = YES;
				COPY_PHASE_STRIP = NO;
				DEBUG_INFORMATION_FORMAT = dwarf;
				ENABLE_STRICT_OBJC_MSGSEND = YES;
				ENABLE_TESTABILITY = YES;
				GCC_C_LANGUAGE_STANDARD = gnu11;
				GCC_DYNAMIC_NO_PIC = NO;
				GCC_NO_COMMON_BLOCKS = YES;
				GCC_OPTIMIZATION_LEVEL = 0;
				GCC_PREPROCESSOR_DEFINITIONS = (
					"DEBUG=1",
					"$(inherited)",
				);
				GCC_WARN_64_TO_32_BIT_CONVERSION = YES;
				GCC_WARN_ABOUT_RETURN_TYPE = YES_ERROR;
				GCC_WARN_UNDECLARED_SELECTOR = YES;
				GCC_WARN_UNINITIALIZED_AUTOS = YES_AGGRESSIVE;
				GCC_WARN_UNUSED_FUNCTION = YES;
				GCC_WARN_UNUSED_VARIABLE = YES;
				MACOSX_DEPLOYMENT_TARGET = 11.3;
				MTL_ENABLE_DEBUG_INFO = INCLUDE_SOURCE;
				MTL_FAST_MATH = YES;
				ONLY_ACTIVE_ARCH = YES;
				SDKROOT = macosx;
				SWIFT_ACTIVE_COMPILATION_CONDITIONS = DEBUG;
				SWIFT_OPTIMIZATION_LEVEL = "-Onone";
			};
			name = Debug;
		};
		046102C42758CC8200B4D0C8 /* Release */ = {
			isa = XCBuildConfiguration;
			buildSettings = {
				ALWAYS_SEARCH_USER_PATHS = NO;
				CLANG_ANALYZER_NONNULL = YES;
				CLANG_ANALYZER_NUMBER_OBJECT_CONVERSION = YES_AGGRESSIVE;
				CLANG_CXX_LANGUAGE_STANDARD = "gnu++17";
				CLANG_CXX_LIBRARY = "libc++";
				CLANG_ENABLE_MODULES = YES;
				CLANG_ENABLE_OBJC_ARC = YES;
				CLANG_ENABLE_OBJC_WEAK = YES;
				CLANG_WARN_BLOCK_CAPTURE_AUTORELEASING = YES;
				CLANG_WARN_BOOL_CONVERSION = YES;
				CLANG_WARN_COMMA = YES;
				CLANG_WARN_CONSTANT_CONVERSION = YES;
				CLANG_WARN_DEPRECATED_OBJC_IMPLEMENTATIONS = YES;
				CLANG_WARN_DIRECT_OBJC_ISA_USAGE = YES_ERROR;
				CLANG_WARN_DOCUMENTATION_COMMENTS = YES;
				CLANG_WARN_EMPTY_BODY = YES;
				CLANG_WARN_ENUM_CONVERSION = YES;
				CLANG_WARN_INFINITE_RECURSION = YES;
				CLANG_WARN_INT_CONVERSION = YES;
				CLANG_WARN_NON_LITERAL_NULL_CONVERSION = YES;
				CLANG_WARN_OBJC_IMPLICIT_RETAIN_SELF = YES;
				CLANG_WARN_OBJC_LITERAL_CONVERSION = YES;
				CLANG_WARN_OBJC_ROOT_CLASS = YES_ERROR;
				CLANG_WARN_QUOTED_INCLUDE_IN_FRAMEWORK_HEADER = YES;
				CLANG_WARN_RANGE_LOOP_ANALYSIS = YES;
				CLANG_WARN_STRICT_PROTOTYPES = YES;
				CLANG_WARN_SUSPICIOUS_MOVE = YES;
				CLANG_WARN_UNGUARDED_AVAILABILITY = YES_AGGRESSIVE;
				CLANG_WARN_UNREACHABLE_CODE = YES;
				CLANG_WARN__DUPLICATE_METHOD_MATCH = YES;
				COPY_PHASE_STRIP = NO;
				DEBUG_INFORMATION_FORMAT = "dwarf-with-dsym";
				ENABLE_NS_ASSERTIONS = NO;
				ENABLE_STRICT_OBJC_MSGSEND = YES;
				GCC_C_LANGUAGE_STANDARD = gnu11;
				GCC_NO_COMMON_BLOCKS = YES;
				GCC_WARN_64_TO_32_BIT_CONVERSION = YES;
				GCC_WARN_ABOUT_RETURN_TYPE = YES_ERROR;
				GCC_WARN_UNDECLARED_SELECTOR = YES;
				GCC_WARN_UNINITIALIZED_AUTOS = YES_AGGRESSIVE;
				GCC_WARN_UNUSED_FUNCTION = YES;
				GCC_WARN_UNUSED_VARIABLE = YES;
				MACOSX_DEPLOYMENT_TARGET = 11.3;
				MTL_ENABLE_DEBUG_INFO = NO;
				MTL_FAST_MATH = YES;
				SDKROOT = macosx;
				SWIFT_COMPILATION_MODE = wholemodule;
				SWIFT_OPTIMIZATION_LEVEL = "-O";
			};
			name = Release;
		};
		046102C62758CC8200B4D0C8 /* Debug */ = {
			isa = XCBuildConfiguration;
			buildSettings = {
				ASSETCATALOG_COMPILER_APPICON_NAME = AppIcon;
				ASSETCATALOG_COMPILER_GLOBAL_ACCENT_COLOR_NAME = AccentColor;
				CODE_SIGN_ENTITLEMENTS = "adultTok-macos/adultTok_macos.entitlements";
				CODE_SIGN_STYLE = Automatic;
				COMBINE_HIDPI_IMAGES = YES;
				CURRENT_PROJECT_VERSION = 1;
				DEVELOPMENT_TEAM = XKX3GF5DM3;
				ENABLE_HARDENED_RUNTIME = YES;
				GENERATE_INFOPLIST_FILE = YES;
				INFOPLIST_FILE = "adultTok-macos/Info.plist";
				INFOPLIST_KEY_NSHumanReadableCopyright = "";
				INFOPLIST_KEY_NSMainNibFile = MainMenu;
				INFOPLIST_KEY_NSPrincipalClass = NSApplication;
				LD_RUNPATH_SEARCH_PATHS = (
					"$(inherited)",
					"@executable_path/../Frameworks",
				);
				MARKETING_VERSION = 1.0;
				PRODUCT_BUNDLE_IDENTIFIER = "danyryabb.app.adultTok-macos";
				PRODUCT_NAME = "$(TARGET_NAME)";
				SWIFT_EMIT_LOC_STRINGS = YES;
				SWIFT_VERSION = 5.0;
			};
			name = Debug;
		};
		046102C72758CC8200B4D0C8 /* Release */ = {
			isa = XCBuildConfiguration;
			buildSettings = {
				ASSETCATALOG_COMPILER_APPICON_NAME = AppIcon;
				ASSETCATALOG_COMPILER_GLOBAL_ACCENT_COLOR_NAME = AccentColor;
				CODE_SIGN_ENTITLEMENTS = "adultTok-macos/adultTok_macos.entitlements";
				CODE_SIGN_STYLE = Automatic;
				COMBINE_HIDPI_IMAGES = YES;
				CURRENT_PROJECT_VERSION = 1;
				DEVELOPMENT_TEAM = XKX3GF5DM3;
				ENABLE_HARDENED_RUNTIME = YES;
				GENERATE_INFOPLIST_FILE = YES;
				INFOPLIST_FILE = "adultTok-macos/Info.plist";
				INFOPLIST_KEY_NSHumanReadableCopyright = "";
				INFOPLIST_KEY_NSMainNibFile = MainMenu;
				INFOPLIST_KEY_NSPrincipalClass = NSApplication;
				LD_RUNPATH_SEARCH_PATHS = (
					"$(inherited)",
					"@executable_path/../Frameworks",
				);
				MARKETING_VERSION = 1.0;
				PRODUCT_BUNDLE_IDENTIFIER = "danyryabb.app.adultTok-macos";
				PRODUCT_NAME = "$(TARGET_NAME)";
				SWIFT_EMIT_LOC_STRINGS = YES;
				SWIFT_VERSION = 5.0;
			};
			name = Release;
		};
/* End XCBuildConfiguration section */

/* Begin XCConfigurationList section */
		046102B32758CC8100B4D0C8 /* Build configuration list for PBXProject "adultTok-macos" */ = {
			isa = XCConfigurationList;
			buildConfigurations = (
				046102C32758CC8200B4D0C8 /* Debug */,
				046102C42758CC8200B4D0C8 /* Release */,
			);
			defaultConfigurationIsVisible = 0;
			defaultConfigurationName = Release;
		};
		046102C52758CC8200B4D0C8 /* Build configuration list for PBXNativeTarget "adultTok-macos" */ = {
			isa = XCConfigurationList;
			buildConfigurations = (
				046102C62758CC8200B4D0C8 /* Debug */,
				046102C72758CC8200B4D0C8 /* Release */,
			);
			defaultConfigurationIsVisible = 0;
			defaultConfigurationName = Release;
		};
/* End XCConfigurationList section */
	};
	rootObject = 046102B02758CC8100B4D0C8 /* Project object */;
}
